
Microsoft Visual Studio Solution File, Format Version 12.00
# Visual Studio Version 16
VisualStudioVersion = 16.0.28803.352
MinimumVisualStudioVersion = 10.0.40219.1
Project("{FAE04EC0-301F-11D3-BF4B-00C04F79EFBC}") = "ConsoleApp1", "ConsoleApp1\ConsoleApp1.csproj", "{8A20C5A1-C470-44A0-81BD-CC8F0AFD63BC}"
EndProject
Global
	GlobalSection(SolutionConfigurationPlatforms) = preSolution
		Debug|Any CPU = Debug|Any CPU
		Release|Any CPU = Release|Any CPU
	EndGlobalSection
	GlobalSection(ProjectConfigurationPlatforms) = postSolution
		{8A20C5A1-C470-44A0-81BD-CC8F0AFD63BC}.Debug|Any CPU.ActiveCfg = Debug|Any CPU
		{8A20C5A1-C470-44A0-81BD-CC8F0AFD63BC}.Debug|Any CPU.Build.0 = Debug|Any CPU
		{8A20C5A1-C470-44A0-81BD-CC8F0AFD63BC}.Release|Any CPU.ActiveCfg = Release|Any CPU
		{8A20C5A1-C470-44A0-81BD-CC8F0AFD63BC}.Release|Any CPU.Build.0 = Release|Any CPU
	EndGlobalSection
	GlobalSection(SolutionProperties) = preSolution
		HideSolutionNode = FALSE
	EndGlobalSection
	GlobalSection(ExtensibilityGlobals) = postSolution
		SolutionGuid = {28CE3590-2534-4E41-9C6A-D40CB1D3DE67}
	EndGlobalSection
EndGlobal
